
Microsoft Visual Studio Solution File, Format Version 12.00
# Visual Studio Version 17
VisualStudioVersion = 17.0.31903.59
MinimumVisualStudioVersion = 10.0.40219.1
Project("{2150E333-8FDC-42A3-9474-1A3956D46DE8}") = "src", "src", "{A6B190CA-7FD3-4149-81A8-2AFA7C7A2ABF}"
	ProjectSection(SolutionItems) = preProject
		src\CommonGlobalUsings.cs = src\CommonGlobalUsings.cs
		src\Directory.Build.props = src\Directory.Build.props
	EndProjectSection
EndProject
Project("{2150E333-8FDC-42A3-9474-1A3956D46DE8}") = "Solution Items", "Solution Items", "{674625EC-3121-4AF3-9B0E-0DC2935F0C54}"
	ProjectSection(SolutionItems) = preProject
		.gitignore = .gitignore
		build.ps1 = build.ps1
		Directory.Packages.props = Directory.Packages.props
	EndProjectSection
EndProject
Project("{FAE04EC0-301F-11D3-BF4B-00C04F79EFBC}") = "RZ.AspNet.Bootstrapper", "src\RZ.AspNet.Bootstrapper\RZ.AspNet.Bootstrapper.csproj", "{A25ADC18-5263-46D4-8A56-E4B0782C5724}"
EndProject
Project("{FAE04EC0-301F-11D3-BF4B-00C04F79EFBC}") = "RZ.Foundation.Blazor", "src\RZ.Foundation.Blazor\RZ.Foundation.Blazor.csproj", "{7BC0BE58-D1A4-4DB2-BB05-1B75313124D2}"
EndProject
Project("{FAE04EC0-301F-11D3-BF4B-00C04F79EFBC}") = "RZ.Foundation.Blazor.MudBlazor", "src\RZ.Foundation.Blazor.MudBlazor\RZ.Foundation.Blazor.MudBlazor.csproj", "{EE08AC67-53A4-42FE-9587-FEDC7EB8D961}"
EndProject
Project("{2150E333-8FDC-42A3-9474-1A3956D46DE8}") = "Examples", "Examples", "{D57AEB3C-35FA-4E4D-9C2B-A018AAF6B347}"
EndProject
Project("{FAE04EC0-301F-11D3-BF4B-00C04F79EFBC}") = "RZ.Blazor.Server.Example", "Examples\BlazorServer\RZ.Blazor.Server.Example.csproj", "{DD180909-3F2C-41EB-9D57-E3984B3E9BD5}"
EndProject
Project("{FAE04EC0-301F-11D3-BF4B-00C04F79EFBC}") = "RZ.AspNet.Api", "src\RZ.AspNet.Api\RZ.AspNet.Api.csproj", "{00EBE5C0-5938-4A91-988C-E252413EDCBC}"
EndProject
Project("{2150E333-8FDC-42A3-9474-1A3956D46DE8}") = "tests", "tests", "{45324F02-25DE-4205-8F69-8BBBCACA36B4}"
EndProject
Project("{FAE04EC0-301F-11D3-BF4B-00C04F79EFBC}") = "UnitTests", "tests\UnitTests\UnitTests.csproj", "{55E51E9A-4593-49E6-8129-0863EDF8D8C4}"
EndProject
Global
	GlobalSection(SolutionConfigurationPlatforms) = preSolution
		Debug|Any CPU = Debug|Any CPU
		Release|Any CPU = Release|Any CPU
	EndGlobalSection
	GlobalSection(SolutionProperties) = preSolution
		HideSolutionNode = FALSE
	EndGlobalSection
	GlobalSection(NestedProjects) = preSolution
		{A25ADC18-5263-46D4-8A56-E4B0782C5724} = {A6B190CA-7FD3-4149-81A8-2AFA7C7A2ABF}
		{7BC0BE58-D1A4-4DB2-BB05-1B75313124D2} = {A6B190CA-7FD3-4149-81A8-2AFA7C7A2ABF}
		{EE08AC67-53A4-42FE-9587-FEDC7EB8D961} = {A6B190CA-7FD3-4149-81A8-2AFA7C7A2ABF}
		{DD180909-3F2C-41EB-9D57-E3984B3E9BD5} = {D57AEB3C-35FA-4E4D-9C2B-A018AAF6B347}
		{00EBE5C0-5938-4A91-988C-E252413EDCBC} = {A6B190CA-7FD3-4149-81A8-2AFA7C7A2ABF}
		{55E51E9A-4593-49E6-8129-0863EDF8D8C4} = {45324F02-25DE-4205-8F69-8BBBCACA36B4}
	EndGlobalSection
	GlobalSection(ProjectConfigurationPlatforms) = postSolution
		{A25ADC18-5263-46D4-8A56-E4B0782C5724}.Debug|Any CPU.ActiveCfg = Debug|Any CPU
		{A25ADC18-5263-46D4-8A56-E4B0782C5724}.Debug|Any CPU.Build.0 = Debug|Any CPU
		{A25ADC18-5263-46D4-8A56-E4B0782C5724}.Release|Any CPU.ActiveCfg = Release|Any CPU
		{A25ADC18-5263-46D4-8A56-E4B0782C5724}.Release|Any CPU.Build.0 = Release|Any CPU
		{7BC0BE58-D1A4-4DB2-BB05-1B75313124D2}.Debug|Any CPU.ActiveCfg = Debug|Any CPU
		{7BC0BE58-D1A4-4DB2-BB05-1B75313124D2}.Debug|Any CPU.Build.0 = Debug|Any CPU
		{7BC0BE58-D1A4-4DB2-BB05-1B75313124D2}.Release|Any CPU.ActiveCfg = Release|Any CPU
		{7BC0BE58-D1A4-4DB2-BB05-1B75313124D2}.Release|Any CPU.Build.0 = Release|Any CPU
		{EE08AC67-53A4-42FE-9587-FEDC7EB8D961}.Debug|Any CPU.ActiveCfg = Debug|Any CPU
		{EE08AC67-53A4-42FE-9587-FEDC7EB8D961}.Debug|Any CPU.Build.0 = Debug|Any CPU
		{EE08AC67-53A4-42FE-9587-FEDC7EB8D961}.Release|Any CPU.ActiveCfg = Release|Any CPU
		{EE08AC67-53A4-42FE-9587-FEDC7EB8D961}.Release|Any CPU.Build.0 = Release|Any CPU
		{DD180909-3F2C-41EB-9D57-E3984B3E9BD5}.Debug|Any CPU.ActiveCfg = Debug|Any CPU
		{DD180909-3F2C-41EB-9D57-E3984B3E9BD5}.Debug|Any CPU.Build.0 = Debug|Any CPU
		{DD180909-3F2C-41EB-9D57-E3984B3E9BD5}.Release|Any CPU.ActiveCfg = Release|Any CPU
		{DD180909-3F2C-41EB-9D57-E3984B3E9BD5}.Release|Any CPU.Build.0 = Release|Any CPU
		{00EBE5C0-5938-4A91-988C-E252413EDCBC}.Debug|Any CPU.ActiveCfg = Debug|Any CPU
		{00EBE5C0-5938-4A91-988C-E252413EDCBC}.Debug|Any CPU.Build.0 = Debug|Any CPU
		{00EBE5C0-5938-4A91-988C-E252413EDCBC}.Release|Any CPU.ActiveCfg = Release|Any CPU
		{00EBE5C0-5938-4A91-988C-E252413EDCBC}.Release|Any CPU.Build.0 = Release|Any CPU
		{55E51E9A-4593-49E6-8129-0863EDF8D8C4}.Debug|Any CPU.ActiveCfg = Debug|Any CPU
		{55E51E9A-4593-49E6-8129-0863EDF8D8C4}.Debug|Any CPU.Build.0 = Debug|Any CPU
		{55E51E9A-4593-49E6-8129-0863EDF8D8C4}.Release|Any CPU.ActiveCfg = Release|Any CPU
		{55E51E9A-4593-49E6-8129-0863EDF8D8C4}.Release|Any CPU.Build.0 = Release|Any CPU
	EndGlobalSection
EndGlobal
